
Microsoft Visual Studio Solution File, Format Version 12.00
# Visual Studio Version 17
VisualStudioVersion = 17.4.33205.214
MinimumVisualStudioVersion = 10.0.40219.1
Project("{9A19103F-16F7-4668-BE54-9A1E7A4F7556}") = "MyProject.Repositories", "MyProject.Repositories\MyProject.Repositories.csproj", "{954EEED6-2E3A-4A77-A2EC-4AEF9A02BF5C}"
EndProject
Project("{9A19103F-16F7-4668-BE54-9A1E7A4F7556}") = "MyProject.Common", "MyProject.Common\MyProject.Common.csproj", "{370295DA-3C42-4B6A-8C28-78476BA0CB25}"
EndProject
Project("{9A19103F-16F7-4668-BE54-9A1E7A4F7556}") = "MyProject.Services", "MyProject.Services\MyProject.Services.csproj", "{31B64F3D-87A9-4155-B937-535AD36D2B16}"
EndProject
Project("{9A19103F-16F7-4668-BE54-9A1E7A4F7556}") = "MyProject.API", "MyProject.API\MyProject.API.csproj", "{C7956599-1C27-46C3-A000-4E0E0AC77704}"
EndProject
Project("{FAE04EC0-301F-11D3-BF4B-00C04F79EFBC}") = "MyProject.Context", "MyProject.Context\MyProject.Context.csproj", "{CD8E624D-C037-469C-BC5D-C60B62D64904}"
EndProject
Global
	GlobalSection(SolutionConfigurationPlatforms) = preSolution
		Debug|Any CPU = Debug|Any CPU
		Release|Any CPU = Release|Any CPU
	EndGlobalSection
	GlobalSection(ProjectConfigurationPlatforms) = postSolution
		{954EEED6-2E3A-4A77-A2EC-4AEF9A02BF5C}.Debug|Any CPU.ActiveCfg = Debug|Any CPU
		{954EEED6-2E3A-4A77-A2EC-4AEF9A02BF5C}.Debug|Any CPU.Build.0 = Debug|Any CPU
		{954EEED6-2E3A-4A77-A2EC-4AEF9A02BF5C}.Release|Any CPU.ActiveCfg = Release|Any CPU
		{954EEED6-2E3A-4A77-A2EC-4AEF9A02BF5C}.Release|Any CPU.Build.0 = Release|Any CPU
		{370295DA-3C42-4B6A-8C28-78476BA0CB25}.Debug|Any CPU.ActiveCfg = Debug|Any CPU
		{370295DA-3C42-4B6A-8C28-78476BA0CB25}.Debug|Any CPU.Build.0 = Debug|Any CPU
		{370295DA-3C42-4B6A-8C28-78476BA0CB25}.Release|Any CPU.ActiveCfg = Release|Any CPU
		{370295DA-3C42-4B6A-8C28-78476BA0CB25}.Release|Any CPU.Build.0 = Release|Any CPU
		{31B64F3D-87A9-4155-B937-535AD36D2B16}.Debug|Any CPU.ActiveCfg = Debug|Any CPU
		{31B64F3D-87A9-4155-B937-535AD36D2B16}.Debug|Any CPU.Build.0 = Debug|Any CPU
		{31B64F3D-87A9-4155-B937-535AD36D2B16}.Release|Any CPU.ActiveCfg = Release|Any CPU
		{31B64F3D-87A9-4155-B937-535AD36D2B16}.Release|Any CPU.Build.0 = Release|Any CPU
		{C7956599-1C27-46C3-A000-4E0E0AC77704}.Debug|Any CPU.ActiveCfg = Debug|Any CPU
		{C7956599-1C27-46C3-A000-4E0E0AC77704}.Debug|Any CPU.Build.0 = Debug|Any CPU
		{C7956599-1C27-46C3-A000-4E0E0AC77704}.Release|Any CPU.ActiveCfg = Release|Any CPU
		{C7956599-1C27-46C3-A000-4E0E0AC77704}.Release|Any CPU.Build.0 = Release|Any CPU
		{CD8E624D-C037-469C-BC5D-C60B62D64904}.Debug|Any CPU.ActiveCfg = Debug|Any CPU
		{CD8E624D-C037-469C-BC5D-C60B62D64904}.Debug|Any CPU.Build.0 = Debug|Any CPU
		{CD8E624D-C037-469C-BC5D-C60B62D64904}.Release|Any CPU.ActiveCfg = Release|Any CPU
		{CD8E624D-C037-469C-BC5D-C60B62D64904}.Release|Any CPU.Build.0 = Release|Any CPU
	EndGlobalSection
	GlobalSection(SolutionProperties) = preSolution
		HideSolutionNode = FALSE
	EndGlobalSection
	GlobalSection(ExtensibilityGlobals) = postSolution
		SolutionGuid = {E69ECB5E-69B9-44E8-B025-D7CE3F5E120F}
	EndGlobalSection
EndGlobal
